{
    "_readme": [
        "This file locks the dependencies of your project to a known state",
        "Read more about it at https://getcomposer.org/doc/01-basic-usage.md#installing-dependencies",
        "This file is @generated automatically"
    ],
    "content-hash": "548bdd12b75d55315d3be6bbf8c56b56",
    "packages": [
        {
            "name": "google/protobuf",
            "version": "v4.29.3",
            "source": {
                "type": "git",
                "url": "https://github.com/protocolbuffers/protobuf-php.git",
                "reference": "ab5077c2cfdd1f415f42d11fdbdf903ba8e3d9b7"
            },
            "dist": {
                "type": "zip",
                "url": "https://api.github.com/repos/protocolbuffers/protobuf-php/zipball/ab5077c2cfdd1f415f42d11fdbdf903ba8e3d9b7",
                "reference": "ab5077c2cfdd1f415f42d11fdbdf903ba8e3d9b7",
                "shasum": ""
            },
            "require": {
                "php": ">=7.0.0"
            },
            "require-dev": {
                "phpunit/phpunit": ">=5.0.0"
            },
            "suggest": {
                "ext-bcmath": "Need to support JSON deserialization"
            },
            "type": "library",
            "autoload": {
                "psr-4": {
                    "Google\\Protobuf\\": "src/Google/Protobuf",
                    "GPBMetadata\\Google\\Protobuf\\": "src/GPBMetadata/Google/Protobuf"
                }
            },
            "notification-url": "https://packagist.org/downloads/",
            "license": [
                "BSD-3-Clause"
            ],
            "description": "proto library for PHP",
            "homepage": "https://developers.google.com/protocol-buffers/",
            "keywords": [
                "proto"
            ],
            "support": {
                "source": "https://github.com/protocolbuffers/protobuf-php/tree/v4.29.3"
            },
            "time": "2025-01-08T21:00:13+00:00"
        },
        {
            "name": "pocketmine/binaryutils",
            "version": "0.2.6",
            "source": {
                "type": "git",
                "url": "https://github.com/pmmp/BinaryUtils.git",
                "reference": "ccfc1899b859d45814ea3592e20ebec4cb731c84"
            },
            "dist": {
                "type": "zip",
                "url": "https://api.github.com/repos/pmmp/BinaryUtils/zipball/ccfc1899b859d45814ea3592e20ebec4cb731c84",
                "reference": "ccfc1899b859d45814ea3592e20ebec4cb731c84",
                "shasum": ""
            },
            "require": {
                "php": "^7.4 || ^8.0",
                "php-64bit": "*"
            },
            "require-dev": {
                "phpstan/extension-installer": "^1.0",
                "phpstan/phpstan": "~1.10.3",
                "phpstan/phpstan-phpunit": "^1.0",
                "phpstan/phpstan-strict-rules": "^1.0.0",
                "phpunit/phpunit": "^9.5 || ^10.0 || ^11.0"
            },
            "type": "library",
            "autoload": {
                "psr-4": {
                    "pocketmine\\utils\\": "src/"
                }
            },
            "notification-url": "https://packagist.org/downloads/",
            "license": [
                "LGPL-3.0"
            ],
            "description": "Classes and methods for conveniently handling binary data",
            "support": {
                "issues": "https://github.com/pmmp/BinaryUtils/issues",
                "source": "https://github.com/pmmp/BinaryUtils/tree/0.2.6"
            },
            "time": "2024-03-04T15:04:17+00:00"
        },
        {
            "name": "protobuf-php/protobuf",
            "version": "v0.1.3",
            "source": {
                "type": "git",
                "url": "https://github.com/protobuf-php/protobuf.git",
                "reference": "c0da95f75ea418b39b02ff4528ca9926cc246a8c"
            },
            "dist": {
                "type": "zip",
                "url": "https://api.github.com/repos/protobuf-php/protobuf/zipball/c0da95f75ea418b39b02ff4528ca9926cc246a8c",
                "reference": "c0da95f75ea418b39b02ff4528ca9926cc246a8c",
                "shasum": ""
            },
            "require": {
                "ext-mbstring": "*",
                "php": ">=5.5.0"
            },
            "require-dev": {
                "instaclick/coding-standard": "^1.1",
                "instaclick/object-calisthenics-sniffs": "dev-master",
                "instaclick/symfony2-coding-standard": "dev-remaster",
                "php-mock/php-mock-phpunit": "^0.2",
                "phpunit/phpunit": "^4",
                "protobuf-php/protobuf-plugin": ">=0.1",
                "satooshi/php-coveralls": "^0.6",
                "squizlabs/php_codesniffer": "^1.5"
            },
            "type": "library",
            "extra": {
                "branch-alias": {
                    "dev-master": "0.1.x-dev"
                }
            },
            "autoload": {
                "psr-4": {
                    "Protobuf\\": "src/"
                }
            },
            "notification-url": "https://packagist.org/downloads/",
            "license": [
                "MIT"
            ],
            "authors": [
                {
                    "name": "Fabio B. Silva",
                    "email": "fabio.bat.silva@gmail.com",
                    "homepage": "https://github.com/FabioBatSilva"
                },
                {
                    "name": "Iván -DrSlump- Montes",
                    "email": "drslump@pollinimini.net",
                    "homepage": "https://github.com/drslump"
                }
            ],
            "description": "PHP implementation of Google's Protocol Buffers",
            "homepage": "https://github.com/protobuf-php/protobuf",
            "keywords": [
                "protobuf",
                "protocol buffer",
                "serializing"
            ],
            "support": {
                "issues": "https://github.com/protobuf-php/protobuf/issues",
                "source": "https://github.com/protobuf-php/protobuf/tree/master"
            },
            "time": "2016-09-21T23:47:34+00:00"
        }
    ],
    "packages-dev": [],
    "aliases": [],
    "minimum-stability": "stable",
    "stability-flags": [],
    "prefer-stable": false,
    "prefer-lowest": false,
    "platform": [],
    "platform-dev": [],
    "plugin-api-version": "2.3.0"
}
